
Microsoft Visual Studio Solution File, Format Version 12.00
# Visual Studio Version 16
VisualStudioVersion = 16.0.30523.141
MinimumVisualStudioVersion = 10.0.40219.1
Project("{FAE04EC0-301F-11D3-BF4B-00C04F79EFBC}") = "05_func", "05_func\05_func.csproj", "{12E91C67-2CA8-4D7A-BA24-B665F2B98AA3}"
EndProject
Global
	GlobalSection(SolutionConfigurationPlatforms) = preSolution
		Debug|Any CPU = Debug|Any CPU
		Release|Any CPU = Release|Any CPU
	EndGlobalSection
	GlobalSection(ProjectConfigurationPlatforms) = postSolution
		{12E91C67-2CA8-4D7A-BA24-B665F2B98AA3}.Debug|Any CPU.ActiveCfg = Debug|Any CPU
		{12E91C67-2CA8-4D7A-BA24-B665F2B98AA3}.Debug|Any CPU.Build.0 = Debug|Any CPU
		{12E91C67-2CA8-4D7A-BA24-B665F2B98AA3}.Release|Any CPU.ActiveCfg = Release|Any CPU
		{12E91C67-2CA8-4D7A-BA24-B665F2B98AA3}.Release|Any CPU.Build.0 = Release|Any CPU
	EndGlobalSection
	GlobalSection(SolutionProperties) = preSolution
		HideSolutionNode = FALSE
	EndGlobalSection
	GlobalSection(ExtensibilityGlobals) = postSolution
		SolutionGuid = {B712037B-0AC2-46CB-B0E8-50C163B9D17C}
	EndGlobalSection
EndGlobal
